{
  "object": {
    "pins": [
      {
        "package": "Alamofire",
        "repositoryURL": "https://github.com/Alamofire/Alamofire.git",
        "state": {
          "branch": null,
          "revision": "32573d05b91d8b7349ca31b4726e80212483f02a",
          "version": "4.8.0"
        }
      }
    ]
  },
  "version": 1
}
